
Microsoft Visual Studio Solution File, Format Version 12.00
# Visual Studio Version 17
VisualStudioVersion = 17.11.35327.3
MinimumVisualStudioVersion = 10.0.40219.1
Project("{FAE04EC0-301F-11D3-BF4B-00C04F79EFBC}") = "TH_05_11", "TH_05_11\TH_05_11.csproj", "{41B010FE-22BE-44A5-9F53-C2D2C1E92E5E}"
EndProject
Global
	GlobalSection(SolutionConfigurationPlatforms) = preSolution
		Debug|Any CPU = Debug|Any CPU
		Release|Any CPU = Release|Any CPU
	EndGlobalSection
	GlobalSection(ProjectConfigurationPlatforms) = postSolution
		{41B010FE-22BE-44A5-9F53-C2D2C1E92E5E}.Debug|Any CPU.ActiveCfg = Debug|Any CPU
		{41B010FE-22BE-44A5-9F53-C2D2C1E92E5E}.Debug|Any CPU.Build.0 = Debug|Any CPU
		{41B010FE-22BE-44A5-9F53-C2D2C1E92E5E}.Release|Any CPU.ActiveCfg = Release|Any CPU
		{41B010FE-22BE-44A5-9F53-C2D2C1E92E5E}.Release|Any CPU.Build.0 = Release|Any CPU
	EndGlobalSection
	GlobalSection(SolutionProperties) = preSolution
		HideSolutionNode = FALSE
	EndGlobalSection
	GlobalSection(ExtensibilityGlobals) = postSolution
		SolutionGuid = {CD4A28E1-4448-4DB5-B26F-097DD3A08E63}
	EndGlobalSection
EndGlobal
